{
  "name": "smart-library-management-system",
  "version": "1.0.0",
  "lockfileVersion": 3,
  "requires": true,
  "packages": {
    "": {
      "name": "smart-library-management-system",
      "version": "1.0.0",
      "license": "UNLICENSED",
      "devDependencies": {
        "concurrently": "^8.2.2"
      }
    },
    "node_modules/concurrently": {
      "version": "8.2.2",
      "resolved": "https://registry.npmjs.org/concurrently/-/concurrently-8.2.2.tgz",
      "integrity": "sha512-1dP4QAFQFzdHNJAaqq9DgcP1Za3RR582Il845PtfZzACErQ8LBagXYeK9xZi09q5KAtWpX4nmPE1NTN/45SoWw==",
      "dev": true
    }
  }
}
